// !$*UTF8*$!
{
	archiveVersion = 1;
	classes = {
	};
	objectVersion = 48;
	objects = {

/* Begin PBXBuildFile section */
		3F3C12501FE580EB0033C11F /* AppDelegate.swift in Sources */ = {isa = PBXBuildFile; fileRef = 3F3C124F1FE580EB0033C11F /* AppDelegate.swift */; };
		3F3C12521FE580EB0033C11F /* ViewController.swift in Sources */ = {isa = PBXBuildFile; fileRef = 3F3C12511FE580EB0033C11F /* ViewController.swift */; };
		3F3C12551FE580EB0033C11F /* Main.storyboard in Resources */ = {isa = PBXBuildFile; fileRef = 3F3C12531FE580EB0033C11F /* Main.storyboard */; };
		3F3C12581FE580EB0033C11F /* Cloud_Bank.xcdatamodeld in Sources */ = {isa = PBXBuildFile; fileRef = 3F3C12561FE580EB0033C11F /* Cloud_Bank.xcdatamodeld */; };
		3F3C125A1FE580EB0033C11F /* Assets.xcassets in Resources */ = {isa = PBXBuildFile; fileRef = 3F3C12591FE580EB0033C11F /* Assets.xcassets */; };
		3F3C125D1FE580EB0033C11F /* LaunchScreen.storyboard in Resources */ = {isa = PBXBuildFile; fileRef = 3F3C125B1FE580EB0033C11F /* LaunchScreen.storyboard */; };
		3F3C12681FE580EB0033C11F /* Cloud_BankTests.swift in Sources */ = {isa = PBXBuildFile; fileRef = 3F3C12671FE580EB0033C11F /* Cloud_BankTests.swift */; };
		3F3C12731FE580EB0033C11F /* Cloud_BankUITests.swift in Sources */ = {isa = PBXBuildFile; fileRef = 3F3C12721FE580EB0033C11F /* Cloud_BankUITests.swift */; };
/* End PBXBuildFile section */

/* Begin PBXContainerItemProxy section */
		3F3C12641FE580EB0033C11F /* PBXContainerItemProxy */ = {
			isa = PBXContainerItemProxy;
			containerPortal = 3F3C12441FE580EA0033C11F /* Project object */;
			proxyType = 1;
			remoteGlobalIDString = 3F3C124B1FE580EA0033C11F;
			remoteInfo = Cloud_Bank;
		};
		3F3C126F1FE580EB0033C11F /* PBXContainerItemProxy */ = {
			isa = PBXContainerItemProxy;
			containerPortal = 3F3C12441FE580EA0033C11F /* Project object */;
			proxyType = 1;
			remoteGlobalIDString = 3F3C124B1FE580EA0033C11F;
			remoteInfo = Cloud_Bank;
		};
/* End PBXContainerItemProxy section */

/* Begin PBXFileReference section */
		3F3C124C1FE580EA0033C11F /* Cloud_Bank.app */ = {isa = PBXFileReference; explicitFileType = wrapper.application; includeInIndex = 0; path = Cloud_Bank.app; sourceTree = BUILT_PRODUCTS_DIR; };
		3F3C124F1FE580EB0033C11F /* AppDelegate.swift */ = {isa = PBXFileReference; lastKnownFileType = sourcecode.swift; path = AppDelegate.swift; sourceTree = "<group>"; };
		3F3C12511FE580EB0033C11F /* ViewController.swift */ = {isa = PBXFileReference; lastKnownFileType = sourcecode.swift; path = ViewController.swift; sourceTree = "<group>"; };
		3F3C12541FE580EB0033C11F /* Base */ = {isa = PBXFileReference; lastKnownFileType = file.storyboard; name = Base; path = Base.lproj/Main.storyboard; sourceTree = "<group>"; };
		3F3C12571FE580EB0033C11F /* Cloud_Bank.xcdatamodel */ = {isa = PBXFileReference; lastKnownFileType = wrapper.xcdatamodel; path = Cloud_Bank.xcdatamodel; sourceTree = "<group>"; };
		3F3C12591FE580EB0033C11F /* Assets.xcassets */ = {isa = PBXFileReference; lastKnownFileType = folder.assetcatalog; path = Assets.xcassets; sourceTree = "<group>"; };
		3F3C125C1FE580EB0033C11F /* Base */ = {isa = PBXFileReference; lastKnownFileType = file.storyboard; name = Base; path = Base.lproj/LaunchScreen.storyboard; sourceTree = "<group>"; };
		3F3C125E1FE580EB0033C11F /* Info.plist */ = {isa = PBXFileReference; lastKnownFileType = text.plist.xml; path = Info.plist; sourceTree = "<group>"; };
		3F3C12631FE580EB0033C11F /* Cloud_BankTests.xctest */ = {isa = PBXFileReference; explicitFileType = wrapper.cfbundle; includeInIndex = 0; path = Cloud_BankTests.xctest; sourceTree = BUILT_PRODUCTS_DIR; };
		3F3C12671FE580EB0033C11F /* Cloud_BankTests.swift */ = {isa = PBXFileReference; lastKnownFileType = sourcecode.swift; path = Cloud_BankTests.swift; sourceTree = "<group>"; };
		3F3C12691FE580EB0033C11F /* Info.plist */ = {isa = PBXFileReference; lastKnownFileType = text.plist.xml; path = Info.plist; sourceTree = "<group>"; };
		3F3C126E1FE580EB0033C11F /* Cloud_BankUITests.xctest */ = {isa = PBXFileReference; explicitFileType = wrapper.cfbundle; includeInIndex = 0; path = Cloud_BankUITests.xctest; sourceTree = BUILT_PRODUCTS_DIR; };
		3F3C12721FE580EB0033C11F /* Cloud_BankUITests.swift */ = {isa = PBXFileReference; lastKnownFileType = sourcecode.swift; path = Cloud_BankUITests.swift; sourceTree = "<group>"; };
		3F3C12741FE580EB0033C11F /* Info.plist */ = {isa = PBXFileReference; lastKnownFileType = text.plist.xml; path = Info.plist; sourceTree = "<group>"; };
/* End PBXFileReference section */

/* Begin PBXFrameworksBuildPhase section */
		3F3C12491FE580EA0033C11F /* Frameworks */ = {
			isa = PBXFrameworksBuildPhase;
			buildActionMask = 2147483647;
			files = (
			);
			runOnlyForDeploymentPostprocessing = 0;
		};
		3F3C12601FE580EB0033C11F /* Frameworks */ = {
			isa = PBXFrameworksBuildPhase;
			buildActionMask = 2147483647;
			files = (
			);
			runOnlyForDeploymentPostprocessing = 0;
		};
		3F3C126B1FE580EB0033C11F /* Frameworks */ = {
			isa = PBXFrameworksBuildPhase;
			buildActionMask = 2147483647;
			files = (
			);
			runOnlyForDeploymentPostprocessing = 0;
		};
/* End PBXFrameworksBuildPhase section */

/* Begin PBXGroup section */
		3F3C12431FE580EA0033C11F = {
			isa = PBXGroup;
			children = (
				3F3C124E1FE580EB0033C11F /* Cloud_Bank */,
				3F3C12661FE580EB0033C11F /* Cloud_BankTests */,
				3F3C12711FE580EB0033C11F /* Cloud_BankUITests */,
				3F3C124D1FE580EA0033C11F /* Products */,
			);
			sourceTree = "<group>";
		};
		3F3C124D1FE580EA0033C11F /* Products */ = {
			isa = PBXGroup;
			children = (
				3F3C124C1FE580EA0033C11F /* Cloud_Bank.app */,
				3F3C12631FE580EB0033C11F /* Cloud_BankTests.xctest */,
				3F3C126E1FE580EB0033C11F /* Cloud_BankUITests.xctest */,
			);
			name = Products;
			sourceTree = "<group>";
		};
		3F3C124E1FE580EB0033C11F /* Cloud_Bank */ = {
			isa = PBXGroup;
			children = (
				3F3C124F1FE580EB0033C11F /* AppDelegate.swift */,
				3F3C12511FE580EB0033C11F /* ViewController.swift */,
				3F3C12531FE580EB0033C11F /* Main.storyboard */,
				3F3C12591FE580EB0033C11F /* Assets.xcassets */,
				3F3C125B1FE580EB0033C11F /* LaunchScreen.storyboard */,
				3F3C125E1FE580EB0033C11F /* Info.plist */,
				3F3C12561FE580EB0033C11F /* Cloud_Bank.xcdatamodeld */,
			);
			path = Cloud_Bank;
			sourceTree = "<group>";
		};
		3F3C12661FE580EB0033C11F /* Cloud_BankTests */ = {
			isa = PBXGroup;
			children = (
				3F3C12671FE580EB0033C11F /* Cloud_BankTests.swift */,
				3F3C12691FE580EB0033C11F /* Info.plist */,
			);
			path = Cloud_BankTests;
			sourceTree = "<group>";
		};
		3F3C12711FE580EB0033C11F /* Cloud_BankUITests */ = {
			isa = PBXGroup;
			children = (
				3F3C12721FE580EB0033C11F /* Cloud_BankUITests.swift */,
				3F3C12741FE580EB0033C11F /* Info.plist */,
			);
			path = Cloud_BankUITests;
			sourceTree = "<group>";
		};
/* End PBXGroup section */

/* Begin PBXNativeTarget section */
		3F3C124B1FE580EA0033C11F /* Cloud_Bank */ = {
			isa = PBXNativeTarget;
			buildConfigurationList = 3F3C12771FE580EB0033C11F /* Build configuration list for PBXNativeTarget "Cloud_Bank" */;
			buildPhases = (
				3F3C12481FE580EA0033C11F /* Sources */,
				3F3C12491FE580EA0033C11F /* Frameworks */,
				3F3C124A1FE580EA0033C11F /* Resources */,
			);
			buildRules = (
			);
			dependencies = (
			);
			name = Cloud_Bank;
			productName = Cloud_Bank;
			productReference = 3F3C124C1FE580EA0033C11F /* Cloud_Bank.app */;
			productType = "com.apple.product-type.application";
		};
		3F3C12621FE580EB0033C11F /* Cloud_BankTests */ = {
			isa = PBXNativeTarget;
			buildConfigurationList = 3F3C127A1FE580EB0033C11F /* Build configuration list for PBXNativeTarget "Cloud_BankTests" */;
			buildPhases = (
				3F3C125F1FE580EB0033C11F /* Sources */,
				3F3C12601FE580EB0033C11F /* Frameworks */,
				3F3C12611FE580EB0033C11F /* Resources */,
			);
			buildRules = (
			);
			dependencies = (
				3F3C12651FE580EB0033C11F /* PBXTargetDependency */,
			);
			name = Cloud_BankTests;
			productName = Cloud_BankTests;
			productReference = 3F3C12631FE580EB0033C11F /* Cloud_BankTests.xctest */;
			productType = "com.apple.product-type.bundle.unit-test";
		};
		3F3C126D1FE580EB0033C11F /* Cloud_BankUITests */ = {
			isa = PBXNativeTarget;
			buildConfigurationList = 3F3C127D1FE580EB0033C11F /* Build configuration list for PBXNativeTarget "Cloud_BankUITests" */;
			buildPhases = (
				3F3C126A1FE580EB0033C11F /* Sources */,
				3F3C126B1FE580EB0033C11F /* Frameworks */,
				3F3C126C1FE580EB0033C11F /* Resources */,
			);
			buildRules = (
			);
			dependencies = (
				3F3C12701FE580EB0033C11F /* PBXTargetDependency */,
			);
			name = Cloud_BankUITests;
			productName = Cloud_BankUITests;
			productReference = 3F3C126E1FE580EB0033C11F /* Cloud_BankUITests.xctest */;
			productType = "com.apple.product-type.bundle.ui-testing";
		};
/* End PBXNativeTarget section */

/* Begin PBXProject section */
		3F3C12441FE580EA0033C11F /* Project object */ = {
			isa = PBXProject;
			attributes = {
				LastSwiftUpdateCheck = 0910;
				LastUpgradeCheck = 0910;
				ORGANIZATIONNAME = "Jeremy Rodriguez";
				TargetAttributes = {
					3F3C124B1FE580EA0033C11F = {
						CreatedOnToolsVersion = 9.1;
						ProvisioningStyle = Automatic;
					};
					3F3C12621FE580EB0033C11F = {
						CreatedOnToolsVersion = 9.1;
						ProvisioningStyle = Automatic;
						TestTargetID = 3F3C124B1FE580EA0033C11F;
					};
					3F3C126D1FE580EB0033C11F = {
						CreatedOnToolsVersion = 9.1;
						ProvisioningStyle = Automatic;
						TestTargetID = 3F3C124B1FE580EA0033C11F;
					};
				};
			};
			buildConfigurationList = 3F3C12471FE580EA0033C11F /* Build configuration list for PBXProject "Cloud_Bank" */;
			compatibilityVersion = "Xcode 8.0";
			developmentRegion = en;
			hasScannedForEncodings = 0;
			knownRegions = (
				en,
				Base,
			);
			mainGroup = 3F3C12431FE580EA0033C11F;
			productRefGroup = 3F3C124D1FE580EA0033C11F /* Products */;
			projectDirPath = "";
			projectRoot = "";
			targets = (
				3F3C124B1FE580EA0033C11F /* Cloud_Bank */,
				3F3C12621FE580EB0033C11F /* Cloud_BankTests */,
				3F3C126D1FE580EB0033C11F /* Cloud_BankUITests */,
			);
		};
/* End PBXProject section */

/* Begin PBXResourcesBuildPhase section */
		3F3C124A1FE580EA0033C11F /* Resources */ = {
			isa = PBXResourcesBuildPhase;
			buildActionMask = 2147483647;
			files = (
				3F3C125D1FE580EB0033C11F /* LaunchScreen.storyboard in Resources */,
				3F3C125A1FE580EB0033C11F /* Assets.xcassets in Resources */,
				3F3C12551FE580EB0033C11F /* Main.storyboard in Resources */,
			);
			runOnlyForDeploymentPostprocessing = 0;
		};
		3F3C12611FE580EB0033C11F /* Resources */ = {
			isa = PBXResourcesBuildPhase;
			buildActionMask = 2147483647;
			files = (
			);
			runOnlyForDeploymentPostprocessing = 0;
		};
		3F3C126C1FE580EB0033C11F /* Resources */ = {
			isa = PBXResourcesBuildPhase;
			buildActionMask = 2147483647;
			files = (
			);
			runOnlyForDeploymentPostprocessing = 0;
		};
/* End PBXResourcesBuildPhase section */

/* Begin PBXSourcesBuildPhase section */
		3F3C12481FE580EA0033C11F /* Sources */ = {
			isa = PBXSourcesBuildPhase;
			buildActionMask = 2147483647;
			files = (
				3F3C12521FE580EB0033C11F /* ViewController.swift in Sources */,
				3F3C12501FE580EB0033C11F /* AppDelegate.swift in Sources */,
				3F3C12581FE580EB0033C11F /* Cloud_Bank.xcdatamodeld in Sources */,
			);
			runOnlyForDeploymentPostprocessing = 0;
		};
		3F3C125F1FE580EB0033C11F /* Sources */ = {
			isa = PBXSourcesBuildPhase;
			buildActionMask = 2147483647;
			files = (
				3F3C12681FE580EB0033C11F /* Cloud_BankTests.swift in Sources */,
			);
			runOnlyForDeploymentPostprocessing = 0;
		};
		3F3C126A1FE580EB0033C11F /* Sources */ = {
			isa = PBXSourcesBuildPhase;
			buildActionMask = 2147483647;
			files = (
				3F3C12731FE580EB0033C11F /* Cloud_BankUITests.swift in Sources */,
			);
			runOnlyForDeploymentPostprocessing = 0;
		};
/* End PBXSourcesBuildPhase section */

/* Begin PBXTargetDependency section */
		3F3C12651FE580EB0033C11F /* PBXTargetDependency */ = {
			isa = PBXTargetDependency;
			target = 3F3C124B1FE580EA0033C11F /* Cloud_Bank */;
			targetProxy = 3F3C12641FE580EB0033C11F /* PBXContainerItemProxy */;
		};
		3F3C12701FE580EB0033C11F /* PBXTargetDependency */ = {
			isa = PBXTargetDependency;
			target = 3F3C124B1FE580EA0033C11F /* Cloud_Bank */;
			targetProxy = 3F3C126F1FE580EB0033C11F /* PBXContainerItemProxy */;
		};
/* End PBXTargetDependency section */

/* Begin PBXVariantGroup section */
		3F3C12531FE580EB0033C11F /* Main.storyboard */ = {
			isa = PBXVariantGroup;
			children = (
				3F3C12541FE580EB0033C11F /* Base */,
			);
			name = Main.storyboard;
			sourceTree = "<group>";
		};
		3F3C125B1FE580EB0033C11F /* LaunchScreen.storyboard */ = {
			isa = PBXVariantGroup;
			children = (
				3F3C125C1FE580EB0033C11F /* Base */,
			);
			name = LaunchScreen.storyboard;
			sourceTree = "<group>";
		};
/* End PBXVariantGroup section */

/* Begin XCBuildConfiguration section */
		3F3C12751FE580EB0033C11F /* Debug */ = {
			isa = XCBuildConfiguration;
			buildSettings = {
				ALWAYS_SEARCH_USER_PATHS = NO;
				CLANG_ANALYZER_NONNULL = YES;
				CLANG_ANALYZER_NUMBER_OBJECT_CONVERSION = YES_AGGRESSIVE;
				CLANG_CXX_LANGUAGE_STANDARD = "gnu++14";
				CLANG_CXX_LIBRARY = "libc++";
				CLANG_ENABLE_MODULES = YES;
				CLANG_ENABLE_OBJC_ARC = YES;
				CLANG_WARN_BLOCK_CAPTURE_AUTORELEASING = YES;
				CLANG_WARN_BOOL_CONVERSION = YES;
				CLANG_WARN_COMMA = YES;
				CLANG_WARN_CONSTANT_CONVERSION = YES;
				CLANG_WARN_DIRECT_OBJC_ISA_USAGE = YES_ERROR;
				CLANG_WARN_DOCUMENTATION_COMMENTS = YES;
				CLANG_WARN_EMPTY_BODY = YES;
				CLANG_WARN_ENUM_CONVERSION = YES;
				CLANG_WARN_INFINITE_RECURSION = YES;
				CLANG_WARN_INT_CONVERSION = YES;
				CLANG_WARN_NON_LITERAL_NULL_CONVERSION = YES;
				CLANG_WARN_OBJC_LITERAL_CONVERSION = YES;
				CLANG_WARN_OBJC_ROOT_CLASS = YES_ERROR;
				CLANG_WARN_RANGE_LOOP_ANALYSIS = YES;
				CLANG_WARN_STRICT_PROTOTYPES = YES;
				CLANG_WARN_SUSPICIOUS_MOVE = YES;
				CLANG_WARN_UNGUARDED_AVAILABILITY = YES_AGGRESSIVE;
				CLANG_WARN_UNREACHABLE_CODE = YES;
				CLANG_WARN__DUPLICATE_METHOD_MATCH = YES;
				CODE_SIGN_IDENTITY = "iPhone Developer";
				COPY_PHASE_STRIP = NO;
				DEBUG_INFORMATION_FORMAT = dwarf;
				ENABLE_STRICT_OBJC_MSGSEND = YES;
				ENABLE_TESTABILITY = YES;
				GCC_C_LANGUAGE_STANDARD = gnu11;
				GCC_DYNAMIC_NO_PIC = NO;
				GCC_NO_COMMON_BLOCKS = YES;
				GCC_OPTIMIZATION_LEVEL = 0;
				GCC_PREPROCESSOR_DEFINITIONS = (
					"DEBUG=1",
					"$(inherited)",
				);
				GCC_WARN_64_TO_32_BIT_CONVERSION = YES;
				GCC_WARN_ABOUT_RETURN_TYPE = YES_ERROR;
				GCC_WARN_UNDECLARED_SELECTOR = YES;
				GCC_WARN_UNINITIALIZED_AUTOS = YES_AGGRESSIVE;
				GCC_WARN_UNUSED_FUNCTION = YES;
				GCC_WARN_UNUSED_VARIABLE = YES;
				IPHONEOS_DEPLOYMENT_TARGET = 11.1;
				MTL_ENABLE_DEBUG_INFO = YES;
				ONLY_ACTIVE_ARCH = YES;
				SDKROOT = iphoneos;
				SWIFT_ACTIVE_COMPILATION_CONDITIONS = DEBUG;
				SWIFT_OPTIMIZATION_LEVEL = "-Onone";
			};
			name = Debug;
		};
		3F3C12761FE580EB0033C11F /* Release */ = {
			isa = XCBuildConfiguration;
			buildSettings = {
				ALWAYS_SEARCH_USER_PATHS = NO;
				CLANG_ANALYZER_NONNULL = YES;
				CLANG_ANALYZER_NUMBER_OBJECT_CONVERSION = YES_AGGRESSIVE;
				CLANG_CXX_LANGUAGE_STANDARD = "gnu++14";
				CLANG_CXX_LIBRARY = "libc++";
				CLANG_ENABLE_MODULES = YES;
				CLANG_ENABLE_OBJC_ARC = YES;
				CLANG_WARN_BLOCK_CAPTURE_AUTORELEASING = YES;
				CLANG_WARN_BOOL_CONVERSION = YES;
				CLANG_WARN_COMMA = YES;
				CLANG_WARN_CONSTANT_CONVERSION = YES;
				CLANG_WARN_DIRECT_OBJC_ISA_USAGE = YES_ERROR;
				CLANG_WARN_DOCUMENTATION_COMMENTS = YES;
				CLANG_WARN_EMPTY_BODY = YES;
				CLANG_WARN_ENUM_CONVERSION = YES;
				CLANG_WARN_INFINITE_RECURSION = YES;
				CLANG_WARN_INT_CONVERSION = YES;
				CLANG_WARN_NON_LITERAL_NULL_CONVERSION = YES;
				CLANG_WARN_OBJC_LITERAL_CONVERSION = YES;
				CLANG_WARN_OBJC_ROOT_CLASS = YES_ERROR;
				CLANG_WARN_RANGE_LOOP_ANALYSIS = YES;
				CLANG_WARN_STRICT_PROTOTYPES = YES;
				CLANG_WARN_SUSPICIOUS_MOVE = YES;
				CLANG_WARN_UNGUARDED_AVAILABILITY = YES_AGGRESSIVE;
				CLANG_WARN_UNREACHABLE_CODE = YES;
				CLANG_WARN__DUPLICATE_METHOD_MATCH = YES;
				CODE_SIGN_IDENTITY = "iPhone Developer";
				COPY_PHASE_STRIP = NO;
				DEBUG_INFORMATION_FORMAT = "dwarf-with-dsym";
				ENABLE_NS_ASSERTIONS = NO;
				ENABLE_STRICT_OBJC_MSGSEND = YES;
				GCC_C_LANGUAGE_STANDARD = gnu11;
				GCC_NO_COMMON_BLOCKS = YES;
				GCC_WARN_64_TO_32_BIT_CONVERSION = YES;
				GCC_WARN_ABOUT_RETURN_TYPE = YES_ERROR;
				GCC_WARN_UNDECLARED_SELECTOR = YES;
				GCC_WARN_UNINITIALIZED_AUTOS = YES_AGGRESSIVE;
				GCC_WARN_UNUSED_FUNCTION = YES;
				GCC_WARN_UNUSED_VARIABLE = YES;
				IPHONEOS_DEPLOYMENT_TARGET = 11.1;
				MTL_ENABLE_DEBUG_INFO = NO;
				SDKROOT = iphoneos;
				SWIFT_OPTIMIZATION_LEVEL = "-Owholemodule";
				VALIDATE_PRODUCT = YES;
			};
			name = Release;
		};
		3F3C12781FE580EB0033C11F /* Debug */ = {
			isa = XCBuildConfiguration;
			buildSettings = {
				ASSETCATALOG_COMPILER_APPICON_NAME = AppIcon;
				CODE_SIGN_STYLE = Automatic;
				INFOPLIST_FILE = Cloud_Bank/Info.plist;
				LD_RUNPATH_SEARCH_PATHS = "$(inherited) @executable_path/Frameworks";
				PRODUCT_BUNDLE_IDENTIFIER = "com.JeremyRodriguez.Cloud-Bank";
				PRODUCT_NAME = "$(TARGET_NAME)";
				SWIFT_VERSION = 4.0;
				TARGETED_DEVICE_FAMILY = "1,2";
			};
			name = Debug;
		};
		3F3C12791FE580EB0033C11F /* Release */ = {
			isa = XCBuildConfiguration;
			buildSettings = {
				ASSETCATALOG_COMPILER_APPICON_NAME = AppIcon;
				CODE_SIGN_STYLE = Automatic;
				INFOPLIST_FILE = Cloud_Bank/Info.plist;
				LD_RUNPATH_SEARCH_PATHS = "$(inherited) @executable_path/Frameworks";
				PRODUCT_BUNDLE_IDENTIFIER = "com.JeremyRodriguez.Cloud-Bank";
				PRODUCT_NAME = "$(TARGET_NAME)";
				SWIFT_VERSION = 4.0;
				TARGETED_DEVICE_FAMILY = "1,2";
			};
			name = Release;
		};
		3F3C127B1FE580EB0033C11F /* Debug */ = {
			isa = XCBuildConfiguration;
			buildSettings = {
				ALWAYS_EMBED_SWIFT_STANDARD_LIBRARIES = YES;
				BUNDLE_LOADER = "$(TEST_HOST)";
				CODE_SIGN_STYLE = Automatic;
				INFOPLIST_FILE = Cloud_BankTests/Info.plist;
				LD_RUNPATH_SEARCH_PATHS = "$(inherited) @executable_path/Frameworks @loader_path/Frameworks";
				PRODUCT_BUNDLE_IDENTIFIER = "com.JeremyRodriguez.Cloud-BankTests";
				PRODUCT_NAME = "$(TARGET_NAME)";
				SWIFT_VERSION = 4.0;
				TARGETED_DEVICE_FAMILY = "1,2";
				TEST_HOST = "$(BUILT_PRODUCTS_DIR)/Cloud_Bank.app/Cloud_Bank";
			};
			name = Debug;
		};
		3F3C127C1FE580EB0033C11F /* Release */ = {
			isa = XCBuildConfiguration;
			buildSettings = {
				ALWAYS_EMBED_SWIFT_STANDARD_LIBRARIES = YES;
				BUNDLE_LOADER = "$(TEST_HOST)";
				CODE_SIGN_STYLE = Automatic;
				INFOPLIST_FILE = Cloud_BankTests/Info.plist;
				LD_RUNPATH_SEARCH_PATHS = "$(inherited) @executable_path/Frameworks @loader_path/Frameworks";
				PRODUCT_BUNDLE_IDENTIFIER = "com.JeremyRodriguez.Cloud-BankTests";
				PRODUCT_NAME = "$(TARGET_NAME)";
				SWIFT_VERSION = 4.0;
				TARGETED_DEVICE_FAMILY = "1,2";
				TEST_HOST = "$(BUILT_PRODUCTS_DIR)/Cloud_Bank.app/Cloud_Bank";
			};
			name = Release;
		};
		3F3C127E1FE580EB0033C11F /* Debug */ = {
			isa = XCBuildConfiguration;
			buildSettings = {
				ALWAYS_EMBED_SWIFT_STANDARD_LIBRARIES = YES;
				CODE_SIGN_STYLE = Automatic;
				INFOPLIST_FILE = Cloud_BankUITests/Info.plist;
				LD_RUNPATH_SEARCH_PATHS = "$(inherited) @executable_path/Frameworks @loader_path/Frameworks";
				PRODUCT_BUNDLE_IDENTIFIER = "com.JeremyRodriguez.Cloud-BankUITests";
				PRODUCT_NAME = "$(TARGET_NAME)";
				SWIFT_VERSION = 4.0;
				TARGETED_DEVICE_FAMILY = "1,2";
				TEST_TARGET_NAME = Cloud_Bank;
			};
			name = Debug;
		};
		3F3C127F1FE580EB0033C11F /* Release */ = {
			isa = XCBuildConfiguration;
			buildSettings = {
				ALWAYS_EMBED_SWIFT_STANDARD_LIBRARIES = YES;
				CODE_SIGN_STYLE = Automatic;
				INFOPLIST_FILE = Cloud_BankUITests/Info.plist;
				LD_RUNPATH_SEARCH_PATHS = "$(inherited) @executable_path/Frameworks @loader_path/Frameworks";
				PRODUCT_BUNDLE_IDENTIFIER = "com.JeremyRodriguez.Cloud-BankUITests";
				PRODUCT_NAME = "$(TARGET_NAME)";
				SWIFT_VERSION = 4.0;
				TARGETED_DEVICE_FAMILY = "1,2";
				TEST_TARGET_NAME = Cloud_Bank;
			};
			name = Release;
		};
/* End XCBuildConfiguration section */

/* Begin XCConfigurationList section */
		3F3C12471FE580EA0033C11F /* Build configuration list for PBXProject "Cloud_Bank" */ = {
			isa = XCConfigurationList;
			buildConfigurations = (
				3F3C12751FE580EB0033C11F /* Debug */,
				3F3C12761FE580EB0033C11F /* Release */,
			);
			defaultConfigurationIsVisible = 0;
			defaultConfigurationName = Release;
		};
		3F3C12771FE580EB0033C11F /* Build configuration list for PBXNativeTarget "Cloud_Bank" */ = {
			isa = XCConfigurationList;
			buildConfigurations = (
				3F3C12781FE580EB0033C11F /* Debug */,
				3F3C12791FE580EB0033C11F /* Release */,
			);
			defaultConfigurationIsVisible = 0;
			defaultConfigurationName = Release;
		};
		3F3C127A1FE580EB0033C11F /* Build configuration list for PBXNativeTarget "Cloud_BankTests" */ = {
			isa = XCConfigurationList;
			buildConfigurations = (
				3F3C127B1FE580EB0033C11F /* Debug */,
				3F3C127C1FE580EB0033C11F /* Release */,
			);
			defaultConfigurationIsVisible = 0;
			defaultConfigurationName = Release;
		};
		3F3C127D1FE580EB0033C11F /* Build configuration list for PBXNativeTarget "Cloud_BankUITests" */ = {
			isa = XCConfigurationList;
			buildConfigurations = (
				3F3C127E1FE580EB0033C11F /* Debug */,
				3F3C127F1FE580EB0033C11F /* Release */,
			);
			defaultConfigurationIsVisible = 0;
			defaultConfigurationName = Release;
		};
/* End XCConfigurationList section */

/* Begin XCVersionGroup section */
		3F3C12561FE580EB0033C11F /* Cloud_Bank.xcdatamodeld */ = {
			isa = XCVersionGroup;
			children = (
				3F3C12571FE580EB0033C11F /* Cloud_Bank.xcdatamodel */,
			);
			currentVersion = 3F3C12571FE580EB0033C11F /* Cloud_Bank.xcdatamodel */;
			path = Cloud_Bank.xcdatamodeld;
			sourceTree = "<group>";
			versionGroupType = wrapper.xcdatamodel;
		};
/* End XCVersionGroup section */
	};
	rootObject = 3F3C12441FE580EA0033C11F /* Project object */;
}
